// !$*UTF8*$!
{
	archiveVersion = 1;
	classes = {
	};
	objectVersion = 55;
	objects = {

/* Begin PBXBuildFile section */
		B1E648D927F70D5200A56341 /* AppDelegate.swift in Sources */ = {isa = PBXBuildFile; fileRef = B1E648D827F70D5200A56341 /* AppDelegate.swift */; };
		B1E648DB27F70D5200A56341 /* SceneDelegate.swift in Sources */ = {isa = PBXBuildFile; fileRef = B1E648DA27F70D5200A56341 /* SceneDelegate.swift */; };
		B1E648DD27F70D5200A56341 /* ViewController.swift in Sources */ = {isa = PBXBuildFile; fileRef = B1E648DC27F70D5200A56341 /* ViewController.swift */; };
		B1E648E227F70D5400A56341 /* Assets.xcassets in Resources */ = {isa = PBXBuildFile; fileRef = B1E648E127F70D5400A56341 /* Assets.xcassets */; };
		B1E648E527F70D5400A56341 /* LaunchScreen.storyboard in Resources */ = {isa = PBXBuildFile; fileRef = B1E648E327F70D5400A56341 /* LaunchScreen.storyboard */; };
		B1E648EE27F7148600A56341 /* HTTPMetod.swift in Sources */ = {isa = PBXBuildFile; fileRef = B1E648ED27F7148600A56341 /* HTTPMetod.swift */; };
		B1E648F027F716C600A56341 /* Endpoint.swift in Sources */ = {isa = PBXBuildFile; fileRef = B1E648EF27F716C600A56341 /* Endpoint.swift */; };
		B1E648F227F7189700A56341 /* RequesterErrors.swift in Sources */ = {isa = PBXBuildFile; fileRef = B1E648F127F7189700A56341 /* RequesterErrors.swift */; };
		B1E648F427F71B7100A56341 /* RequesterWithCompletionBlock.swift in Sources */ = {isa = PBXBuildFile; fileRef = B1E648F327F71B7100A56341 /* RequesterWithCompletionBlock.swift */; };
		B1E648F727F733C400A56341 /* StatusCodeRanges.swift in Sources */ = {isa = PBXBuildFile; fileRef = B1E648F627F733C400A56341 /* StatusCodeRanges.swift */; };
		B1E648FA27F7343500A56341 /* RequesterWithAsyncReturn.swift in Sources */ = {isa = PBXBuildFile; fileRef = B1E648F927F7343500A56341 /* RequesterWithAsyncReturn.swift */; };
		B1E648FC27F7349300A56341 /* Requester.swift in Sources */ = {isa = PBXBuildFile; fileRef = B1E648FB27F7349300A56341 /* Requester.swift */; };
		B1E6490027F77CDD00A56341 /* UserResponseModel.swift in Sources */ = {isa = PBXBuildFile; fileRef = B1E648FF27F77CDD00A56341 /* UserResponseModel.swift */; };
		B1E6490227F77F1800A56341 /* UserRequester.swift in Sources */ = {isa = PBXBuildFile; fileRef = B1E6490127F77F1800A56341 /* UserRequester.swift */; };
		B1E6490427F7821700A56341 /* UserEndpoint.swift in Sources */ = {isa = PBXBuildFile; fileRef = B1E6490327F7821700A56341 /* UserEndpoint.swift */; };
/* End PBXBuildFile section */

/* Begin PBXFileReference section */
		B1E648D527F70D5200A56341 /* MasteringRequester.app */ = {isa = PBXFileReference; explicitFileType = wrapper.application; includeInIndex = 0; path = MasteringRequester.app; sourceTree = BUILT_PRODUCTS_DIR; };
		B1E648D827F70D5200A56341 /* AppDelegate.swift */ = {isa = PBXFileReference; lastKnownFileType = sourcecode.swift; path = AppDelegate.swift; sourceTree = "<group>"; };
		B1E648DA27F70D5200A56341 /* SceneDelegate.swift */ = {isa = PBXFileReference; lastKnownFileType = sourcecode.swift; path = SceneDelegate.swift; sourceTree = "<group>"; };
		B1E648DC27F70D5200A56341 /* ViewController.swift */ = {isa = PBXFileReference; lastKnownFileType = sourcecode.swift; path = ViewController.swift; sourceTree = "<group>"; };
		B1E648E127F70D5400A56341 /* Assets.xcassets */ = {isa = PBXFileReference; lastKnownFileType = folder.assetcatalog; path = Assets.xcassets; sourceTree = "<group>"; };
		B1E648E427F70D5400A56341 /* Base */ = {isa = PBXFileReference; lastKnownFileType = file.storyboard; name = Base; path = Base.lproj/LaunchScreen.storyboard; sourceTree = "<group>"; };
		B1E648E627F70D5400A56341 /* Info.plist */ = {isa = PBXFileReference; lastKnownFileType = text.plist.xml; path = Info.plist; sourceTree = "<group>"; };
		B1E648ED27F7148600A56341 /* HTTPMetod.swift */ = {isa = PBXFileReference; lastKnownFileType = sourcecode.swift; path = HTTPMetod.swift; sourceTree = "<group>"; };
		B1E648EF27F716C600A56341 /* Endpoint.swift */ = {isa = PBXFileReference; lastKnownFileType = sourcecode.swift; path = Endpoint.swift; sourceTree = "<group>"; };
		B1E648F127F7189700A56341 /* RequesterErrors.swift */ = {isa = PBXFileReference; lastKnownFileType = sourcecode.swift; path = RequesterErrors.swift; sourceTree = "<group>"; };
		B1E648F327F71B7100A56341 /* RequesterWithCompletionBlock.swift */ = {isa = PBXFileReference; lastKnownFileType = sourcecode.swift; path = RequesterWithCompletionBlock.swift; sourceTree = "<group>"; };
		B1E648F627F733C400A56341 /* StatusCodeRanges.swift */ = {isa = PBXFileReference; lastKnownFileType = sourcecode.swift; path = StatusCodeRanges.swift; sourceTree = "<group>"; };
		B1E648F927F7343500A56341 /* RequesterWithAsyncReturn.swift */ = {isa = PBXFileReference; lastKnownFileType = sourcecode.swift; path = RequesterWithAsyncReturn.swift; sourceTree = "<group>"; };
		B1E648FB27F7349300A56341 /* Requester.swift */ = {isa = PBXFileReference; lastKnownFileType = sourcecode.swift; path = Requester.swift; sourceTree = "<group>"; };
		B1E648FF27F77CDD00A56341 /* UserResponseModel.swift */ = {isa = PBXFileReference; lastKnownFileType = sourcecode.swift; path = UserResponseModel.swift; sourceTree = "<group>"; };
		B1E6490127F77F1800A56341 /* UserRequester.swift */ = {isa = PBXFileReference; lastKnownFileType = sourcecode.swift; path = UserRequester.swift; sourceTree = "<group>"; };
		B1E6490327F7821700A56341 /* UserEndpoint.swift */ = {isa = PBXFileReference; lastKnownFileType = sourcecode.swift; path = UserEndpoint.swift; sourceTree = "<group>"; };
/* End PBXFileReference section */

/* Begin PBXFrameworksBuildPhase section */
		B1E648D227F70D5200A56341 /* Frameworks */ = {
			isa = PBXFrameworksBuildPhase;
			buildActionMask = 2147483647;
			files = (
			);
			runOnlyForDeploymentPostprocessing = 0;
		};
/* End PBXFrameworksBuildPhase section */

/* Begin PBXGroup section */
		B1E648CC27F70D5200A56341 = {
			isa = PBXGroup;
			children = (
				B1E648D727F70D5200A56341 /* MasteringRequester */,
				B1E648D627F70D5200A56341 /* Products */,
			);
			sourceTree = "<group>";
		};
		B1E648D627F70D5200A56341 /* Products */ = {
			isa = PBXGroup;
			children = (
				B1E648D527F70D5200A56341 /* MasteringRequester.app */,
			);
			name = Products;
			sourceTree = "<group>";
		};
		B1E648D727F70D5200A56341 /* MasteringRequester */ = {
			isa = PBXGroup;
			children = (
				B1E648FE27F77CAC00A56341 /* Example1 */,
				B1E648F527F7319C00A56341 /* StructForRequest */,
				B1E648EC27F7146200A56341 /* Defaults */,
				B1E648DC27F70D5200A56341 /* ViewController.swift */,
				B1E648E627F70D5400A56341 /* Info.plist */,
			);
			path = MasteringRequester;
			sourceTree = "<group>";
		};
		B1E648EC27F7146200A56341 /* Defaults */ = {
			isa = PBXGroup;
			children = (
				B1E648E127F70D5400A56341 /* Assets.xcassets */,
				B1E648E327F70D5400A56341 /* LaunchScreen.storyboard */,
				B1E648D827F70D5200A56341 /* AppDelegate.swift */,
				B1E648DA27F70D5200A56341 /* SceneDelegate.swift */,
			);
			path = Defaults;
			sourceTree = "<group>";
		};
		B1E648F527F7319C00A56341 /* StructForRequest */ = {
			isa = PBXGroup;
			children = (
				B1E648FD27F734E200A56341 /* Enuns */,
				B1E648F827F7341000A56341 /* Requesters */,
			);
			path = StructForRequest;
			sourceTree = "<group>";
		};
		B1E648F827F7341000A56341 /* Requesters */ = {
			isa = PBXGroup;
			children = (
				B1E648EF27F716C600A56341 /* Endpoint.swift */,
				B1E648F327F71B7100A56341 /* RequesterWithCompletionBlock.swift */,
				B1E648F927F7343500A56341 /* RequesterWithAsyncReturn.swift */,
				B1E648FB27F7349300A56341 /* Requester.swift */,
			);
			path = Requesters;
			sourceTree = "<group>";
		};
		B1E648FD27F734E200A56341 /* Enuns */ = {
			isa = PBXGroup;
			children = (
				B1E648ED27F7148600A56341 /* HTTPMetod.swift */,
				B1E648F127F7189700A56341 /* RequesterErrors.swift */,
				B1E648F627F733C400A56341 /* StatusCodeRanges.swift */,
			);
			path = Enuns;
			sourceTree = "<group>";
		};
		B1E648FE27F77CAC00A56341 /* Example1 */ = {
			isa = PBXGroup;
			children = (
				B1E648FF27F77CDD00A56341 /* UserResponseModel.swift */,
				B1E6490327F7821700A56341 /* UserEndpoint.swift */,
				B1E6490127F77F1800A56341 /* UserRequester.swift */,
			);
			path = Example1;
			sourceTree = "<group>";
		};
/* End PBXGroup section */

/* Begin PBXNativeTarget section */
		B1E648D427F70D5200A56341 /* MasteringRequester */ = {
			isa = PBXNativeTarget;
			buildConfigurationList = B1E648E927F70D5400A56341 /* Build configuration list for PBXNativeTarget "MasteringRequester" */;
			buildPhases = (
				B1E648D127F70D5200A56341 /* Sources */,
				B1E648D227F70D5200A56341 /* Frameworks */,
				B1E648D327F70D5200A56341 /* Resources */,
			);
			buildRules = (
			);
			dependencies = (
			);
			name = MasteringRequester;
			productName = MasteringRequester;
			productReference = B1E648D527F70D5200A56341 /* MasteringRequester.app */;
			productType = "com.apple.product-type.application";
		};
/* End PBXNativeTarget section */

/* Begin PBXProject section */
		B1E648CD27F70D5200A56341 /* Project object */ = {
			isa = PBXProject;
			attributes = {
				BuildIndependentTargetsInParallel = 1;
				LastSwiftUpdateCheck = 1310;
				LastUpgradeCheck = 1310;
				TargetAttributes = {
					B1E648D427F70D5200A56341 = {
						CreatedOnToolsVersion = 13.1;
					};
				};
			};
			buildConfigurationList = B1E648D027F70D5200A56341 /* Build configuration list for PBXProject "MasteringRequester" */;
			compatibilityVersion = "Xcode 13.0";
			developmentRegion = en;
			hasScannedForEncodings = 0;
			knownRegions = (
				en,
				Base,
			);
			mainGroup = B1E648CC27F70D5200A56341;
			productRefGroup = B1E648D627F70D5200A56341 /* Products */;
			projectDirPath = "";
			projectRoot = "";
			targets = (
				B1E648D427F70D5200A56341 /* MasteringRequester */,
			);
		};
/* End PBXProject section */

/* Begin PBXResourcesBuildPhase section */
		B1E648D327F70D5200A56341 /* Resources */ = {
			isa = PBXResourcesBuildPhase;
			buildActionMask = 2147483647;
			files = (
				B1E648E527F70D5400A56341 /* LaunchScreen.storyboard in Resources */,
				B1E648E227F70D5400A56341 /* Assets.xcassets in Resources */,
			);
			runOnlyForDeploymentPostprocessing = 0;
		};
/* End PBXResourcesBuildPhase section */

/* Begin PBXSourcesBuildPhase section */
		B1E648D127F70D5200A56341 /* Sources */ = {
			isa = PBXSourcesBuildPhase;
			buildActionMask = 2147483647;
			files = (
				B1E648F727F733C400A56341 /* StatusCodeRanges.swift in Sources */,
				B1E6490227F77F1800A56341 /* UserRequester.swift in Sources */,
				B1E648DD27F70D5200A56341 /* ViewController.swift in Sources */,
				B1E648D927F70D5200A56341 /* AppDelegate.swift in Sources */,
				B1E648DB27F70D5200A56341 /* SceneDelegate.swift in Sources */,
				B1E6490427F7821700A56341 /* UserEndpoint.swift in Sources */,
				B1E648F227F7189700A56341 /* RequesterErrors.swift in Sources */,
				B1E648F427F71B7100A56341 /* RequesterWithCompletionBlock.swift in Sources */,
				B1E648FA27F7343500A56341 /* RequesterWithAsyncReturn.swift in Sources */,
				B1E6490027F77CDD00A56341 /* UserResponseModel.swift in Sources */,
				B1E648F027F716C600A56341 /* Endpoint.swift in Sources */,
				B1E648FC27F7349300A56341 /* Requester.swift in Sources */,
				B1E648EE27F7148600A56341 /* HTTPMetod.swift in Sources */,
			);
			runOnlyForDeploymentPostprocessing = 0;
		};
/* End PBXSourcesBuildPhase section */

/* Begin PBXVariantGroup section */
		B1E648E327F70D5400A56341 /* LaunchScreen.storyboard */ = {
			isa = PBXVariantGroup;
			children = (
				B1E648E427F70D5400A56341 /* Base */,
			);
			name = LaunchScreen.storyboard;
			sourceTree = "<group>";
		};
/* End PBXVariantGroup section */

/* Begin XCBuildConfiguration section */
		B1E648E727F70D5400A56341 /* Debug */ = {
			isa = XCBuildConfiguration;
			buildSettings = {
				ALWAYS_SEARCH_USER_PATHS = NO;
				CLANG_ANALYZER_NONNULL = YES;
				CLANG_ANALYZER_NUMBER_OBJECT_CONVERSION = YES_AGGRESSIVE;
				CLANG_CXX_LANGUAGE_STANDARD = "gnu++17";
				CLANG_CXX_LIBRARY = "libc++";
				CLANG_ENABLE_MODULES = YES;
				CLANG_ENABLE_OBJC_ARC = YES;
				CLANG_ENABLE_OBJC_WEAK = YES;
				CLANG_WARN_BLOCK_CAPTURE_AUTORELEASING = YES;
				CLANG_WARN_BOOL_CONVERSION = YES;
				CLANG_WARN_COMMA = YES;
				CLANG_WARN_CONSTANT_CONVERSION = YES;
				CLANG_WARN_DEPRECATED_OBJC_IMPLEMENTATIONS = YES;
				CLANG_WARN_DIRECT_OBJC_ISA_USAGE = YES_ERROR;
				CLANG_WARN_DOCUMENTATION_COMMENTS = YES;
				CLANG_WARN_EMPTY_BODY = YES;
				CLANG_WARN_ENUM_CONVERSION = YES;
				CLANG_WARN_INFINITE_RECURSION = YES;
				CLANG_WARN_INT_CONVERSION = YES;
				CLANG_WARN_NON_LITERAL_NULL_CONVERSION = YES;
				CLANG_WARN_OBJC_IMPLICIT_RETAIN_SELF = YES;
				CLANG_WARN_OBJC_LITERAL_CONVERSION = YES;
				CLANG_WARN_OBJC_ROOT_CLASS = YES_ERROR;
				CLANG_WARN_QUOTED_INCLUDE_IN_FRAMEWORK_HEADER = YES;
				CLANG_WARN_RANGE_LOOP_ANALYSIS = YES;
				CLANG_WARN_STRICT_PROTOTYPES = YES;
				CLANG_WARN_SUSPICIOUS_MOVE = YES;
				CLANG_WARN_UNGUARDED_AVAILABILITY = YES_AGGRESSIVE;
				CLANG_WARN_UNREACHABLE_CODE = YES;
				CLANG_WARN__DUPLICATE_METHOD_MATCH = YES;
				COPY_PHASE_STRIP = NO;
				DEBUG_INFORMATION_FORMAT = dwarf;
				ENABLE_STRICT_OBJC_MSGSEND = YES;
				ENABLE_TESTABILITY = YES;
				GCC_C_LANGUAGE_STANDARD = gnu11;
				GCC_DYNAMIC_NO_PIC = NO;
				GCC_NO_COMMON_BLOCKS = YES;
				GCC_OPTIMIZATION_LEVEL = 0;
				GCC_PREPROCESSOR_DEFINITIONS = (
					"DEBUG=1",
					"$(inherited)",
				);
				GCC_WARN_64_TO_32_BIT_CONVERSION = YES;
				GCC_WARN_ABOUT_RETURN_TYPE = YES_ERROR;
				GCC_WARN_UNDECLARED_SELECTOR = YES;
				GCC_WARN_UNINITIALIZED_AUTOS = YES_AGGRESSIVE;
				GCC_WARN_UNUSED_FUNCTION = YES;
				GCC_WARN_UNUSED_VARIABLE = YES;
				IPHONEOS_DEPLOYMENT_TARGET = 15.0;
				MTL_ENABLE_DEBUG_INFO = INCLUDE_SOURCE;
				MTL_FAST_MATH = YES;
				ONLY_ACTIVE_ARCH = YES;
				SDKROOT = iphoneos;
				SWIFT_ACTIVE_COMPILATION_CONDITIONS = DEBUG;
				SWIFT_OPTIMIZATION_LEVEL = "-Onone";
			};
			name = Debug;
		};
		B1E648E827F70D5400A56341 /* Release */ = {
			isa = XCBuildConfiguration;
			buildSettings = {
				ALWAYS_SEARCH_USER_PATHS = NO;
				CLANG_ANALYZER_NONNULL = YES;
				CLANG_ANALYZER_NUMBER_OBJECT_CONVERSION = YES_AGGRESSIVE;
				CLANG_CXX_LANGUAGE_STANDARD = "gnu++17";
				CLANG_CXX_LIBRARY = "libc++";
				CLANG_ENABLE_MODULES = YES;
				CLANG_ENABLE_OBJC_ARC = YES;
				CLANG_ENABLE_OBJC_WEAK = YES;
				CLANG_WARN_BLOCK_CAPTURE_AUTORELEASING = YES;
				CLANG_WARN_BOOL_CONVERSION = YES;
				CLANG_WARN_COMMA = YES;
				CLANG_WARN_CONSTANT_CONVERSION = YES;
				CLANG_WARN_DEPRECATED_OBJC_IMPLEMENTATIONS = YES;
				CLANG_WARN_DIRECT_OBJC_ISA_USAGE = YES_ERROR;
				CLANG_WARN_DOCUMENTATION_COMMENTS = YES;
				CLANG_WARN_EMPTY_BODY = YES;
				CLANG_WARN_ENUM_CONVERSION = YES;
				CLANG_WARN_INFINITE_RECURSION = YES;
				CLANG_WARN_INT_CONVERSION = YES;
				CLANG_WARN_NON_LITERAL_NULL_CONVERSION = YES;
				CLANG_WARN_OBJC_IMPLICIT_RETAIN_SELF = YES;
				CLANG_WARN_OBJC_LITERAL_CONVERSION = YES;
				CLANG_WARN_OBJC_ROOT_CLASS = YES_ERROR;
				CLANG_WARN_QUOTED_INCLUDE_IN_FRAMEWORK_HEADER = YES;
				CLANG_WARN_RANGE_LOOP_ANALYSIS = YES;
				CLANG_WARN_STRICT_PROTOTYPES = YES;
				CLANG_WARN_SUSPICIOUS_MOVE = YES;
				CLANG_WARN_UNGUARDED_AVAILABILITY = YES_AGGRESSIVE;
				CLANG_WARN_UNREACHABLE_CODE = YES;
				CLANG_WARN__DUPLICATE_METHOD_MATCH = YES;
				COPY_PHASE_STRIP = NO;
				DEBUG_INFORMATION_FORMAT = "dwarf-with-dsym";
				ENABLE_NS_ASSERTIONS = NO;
				ENABLE_STRICT_OBJC_MSGSEND = YES;
				GCC_C_LANGUAGE_STANDARD = gnu11;
				GCC_NO_COMMON_BLOCKS = YES;
				GCC_WARN_64_TO_32_BIT_CONVERSION = YES;
				GCC_WARN_ABOUT_RETURN_TYPE = YES_ERROR;
				GCC_WARN_UNDECLARED_SELECTOR = YES;
				GCC_WARN_UNINITIALIZED_AUTOS = YES_AGGRESSIVE;
				GCC_WARN_UNUSED_FUNCTION = YES;
				GCC_WARN_UNUSED_VARIABLE = YES;
				IPHONEOS_DEPLOYMENT_TARGET = 15.0;
				MTL_ENABLE_DEBUG_INFO = NO;
				MTL_FAST_MATH = YES;
				SDKROOT = iphoneos;
				SWIFT_COMPILATION_MODE = wholemodule;
				SWIFT_OPTIMIZATION_LEVEL = "-O";
				VALIDATE_PRODUCT = YES;
			};
			name = Release;
		};
		B1E648EA27F70D5400A56341 /* Debug */ = {
			isa = XCBuildConfiguration;
			buildSettings = {
				ASSETCATALOG_COMPILER_APPICON_NAME = AppIcon;
				ASSETCATALOG_COMPILER_GLOBAL_ACCENT_COLOR_NAME = AccentColor;
				CODE_SIGN_STYLE = Automatic;
				CURRENT_PROJECT_VERSION = 1;
				DEVELOPMENT_TEAM = Y487CY958A;
				GENERATE_INFOPLIST_FILE = YES;
				INFOPLIST_FILE = MasteringRequester/Info.plist;
				INFOPLIST_KEY_UIApplicationSupportsIndirectInputEvents = YES;
				INFOPLIST_KEY_UILaunchStoryboardName = LaunchScreen;
				INFOPLIST_KEY_UIMainStoryboardFile = LaunchScreen;
				INFOPLIST_KEY_UISupportedInterfaceOrientations_iPad = "UIInterfaceOrientationPortrait UIInterfaceOrientationPortraitUpsideDown UIInterfaceOrientationLandscapeLeft UIInterfaceOrientationLandscapeRight";
				INFOPLIST_KEY_UISupportedInterfaceOrientations_iPhone = "UIInterfaceOrientationPortrait UIInterfaceOrientationLandscapeLeft UIInterfaceOrientationLandscapeRight";
				LD_RUNPATH_SEARCH_PATHS = (
					"$(inherited)",
					"@executable_path/Frameworks",
				);
				MARKETING_VERSION = 1.0;
				PRODUCT_BUNDLE_IDENTIFIER = PaoloProdossimoLopes.MasteringRequester;
				PRODUCT_NAME = "$(TARGET_NAME)";
				SWIFT_EMIT_LOC_STRINGS = YES;
				SWIFT_VERSION = 5.0;
				TARGETED_DEVICE_FAMILY = "1,2";
			};
			name = Debug;
		};
		B1E648EB27F70D5400A56341 /* Release */ = {
			isa = XCBuildConfiguration;
			buildSettings = {
				ASSETCATALOG_COMPILER_APPICON_NAME = AppIcon;
				ASSETCATALOG_COMPILER_GLOBAL_ACCENT_COLOR_NAME = AccentColor;
				CODE_SIGN_STYLE = Automatic;
				CURRENT_PROJECT_VERSION = 1;
				DEVELOPMENT_TEAM = Y487CY958A;
				GENERATE_INFOPLIST_FILE = YES;
				INFOPLIST_FILE = MasteringRequester/Info.plist;
				INFOPLIST_KEY_UIApplicationSupportsIndirectInputEvents = YES;
				INFOPLIST_KEY_UILaunchStoryboardName = LaunchScreen;
				INFOPLIST_KEY_UIMainStoryboardFile = LaunchScreen;
				INFOPLIST_KEY_UISupportedInterfaceOrientations_iPad = "UIInterfaceOrientationPortrait UIInterfaceOrientationPortraitUpsideDown UIInterfaceOrientationLandscapeLeft UIInterfaceOrientationLandscapeRight";
				INFOPLIST_KEY_UISupportedInterfaceOrientations_iPhone = "UIInterfaceOrientationPortrait UIInterfaceOrientationLandscapeLeft UIInterfaceOrientationLandscapeRight";
				LD_RUNPATH_SEARCH_PATHS = (
					"$(inherited)",
					"@executable_path/Frameworks",
				);
				MARKETING_VERSION = 1.0;
				PRODUCT_BUNDLE_IDENTIFIER = PaoloProdossimoLopes.MasteringRequester;
				PRODUCT_NAME = "$(TARGET_NAME)";
				SWIFT_EMIT_LOC_STRINGS = YES;
				SWIFT_VERSION = 5.0;
				TARGETED_DEVICE_FAMILY = "1,2";
			};
			name = Release;
		};
/* End XCBuildConfiguration section */

/* Begin XCConfigurationList section */
		B1E648D027F70D5200A56341 /* Build configuration list for PBXProject "MasteringRequester" */ = {
			isa = XCConfigurationList;
			buildConfigurations = (
				B1E648E727F70D5400A56341 /* Debug */,
				B1E648E827F70D5400A56341 /* Release */,
			);
			defaultConfigurationIsVisible = 0;
			defaultConfigurationName = Release;
		};
		B1E648E927F70D5400A56341 /* Build configuration list for PBXNativeTarget "MasteringRequester" */ = {
			isa = XCConfigurationList;
			buildConfigurations = (
				B1E648EA27F70D5400A56341 /* Debug */,
				B1E648EB27F70D5400A56341 /* Release */,
			);
			defaultConfigurationIsVisible = 0;
			defaultConfigurationName = Release;
		};
/* End XCConfigurationList section */
	};
	rootObject = B1E648CD27F70D5200A56341 /* Project object */;
}
